
Microsoft Visual Studio Solution File, Format Version 12.00
# Visual Studio Version 16
VisualStudioVersion = 16.0.31112.23
MinimumVisualStudioVersion = 10.0.40219.1
Project("{FAE04EC0-301F-11D3-BF4B-00C04F79EFBC}") = "foolgame", "foolgame\foolgame.csproj", "{BD10DF35-D56E-4DE9-9B1F-82ED7BC55893}"
EndProject
Global
	GlobalSection(SolutionConfigurationPlatforms) = preSolution
		Debug|Any CPU = Debug|Any CPU
		Release|Any CPU = Release|Any CPU
	EndGlobalSection
	GlobalSection(ProjectConfigurationPlatforms) = postSolution
		{BD10DF35-D56E-4DE9-9B1F-82ED7BC55893}.Debug|Any CPU.ActiveCfg = Debug|Any CPU
		{BD10DF35-D56E-4DE9-9B1F-82ED7BC55893}.Debug|Any CPU.Build.0 = Debug|Any CPU
		{BD10DF35-D56E-4DE9-9B1F-82ED7BC55893}.Release|Any CPU.ActiveCfg = Release|Any CPU
		{BD10DF35-D56E-4DE9-9B1F-82ED7BC55893}.Release|Any CPU.Build.0 = Release|Any CPU
	EndGlobalSection
	GlobalSection(SolutionProperties) = preSolution
		HideSolutionNode = FALSE
	EndGlobalSection
	GlobalSection(ExtensibilityGlobals) = postSolution
		SolutionGuid = {06177B75-0D08-4980-8368-B38111BC1679}
	EndGlobalSection
EndGlobal
