
Microsoft Visual Studio Solution File, Format Version 12.00
# Visual Studio Version 16
VisualStudioVersion = 16.0.31112.23
MinimumVisualStudioVersion = 10.0.40219.1
Project("{FAE04EC0-301F-11D3-BF4B-00C04F79EFBC}") = "FooolGame", "FooolGame\FooolGame.csproj", "{38C1FF99-E1F1-4F8C-B690-6CBB4596AD1A}"
EndProject
Global
	GlobalSection(SolutionConfigurationPlatforms) = preSolution
		Debug|Any CPU = Debug|Any CPU
		Release|Any CPU = Release|Any CPU
	EndGlobalSection
	GlobalSection(ProjectConfigurationPlatforms) = postSolution
		{38C1FF99-E1F1-4F8C-B690-6CBB4596AD1A}.Debug|Any CPU.ActiveCfg = Debug|Any CPU
		{38C1FF99-E1F1-4F8C-B690-6CBB4596AD1A}.Debug|Any CPU.Build.0 = Debug|Any CPU
		{38C1FF99-E1F1-4F8C-B690-6CBB4596AD1A}.Release|Any CPU.ActiveCfg = Release|Any CPU
		{38C1FF99-E1F1-4F8C-B690-6CBB4596AD1A}.Release|Any CPU.Build.0 = Release|Any CPU
	EndGlobalSection
	GlobalSection(SolutionProperties) = preSolution
		HideSolutionNode = FALSE
	EndGlobalSection
	GlobalSection(ExtensibilityGlobals) = postSolution
		SolutionGuid = {06911DD9-99A8-4542-B50B-4DFB12FF47E6}
	EndGlobalSection
EndGlobal
