
Microsoft Visual Studio Solution File, Format Version 12.00
# Visual Studio Version 16
VisualStudioVersion = 16.0.31112.23
MinimumVisualStudioVersion = 10.0.40219.1
Project("{FAE04EC0-301F-11D3-BF4B-00C04F79EFBC}") = "foolgame3", "foolgame3\foolgame3.csproj", "{93AE4070-B11E-49A9-940D-5E195AFDF677}"
EndProject
Global
	GlobalSection(SolutionConfigurationPlatforms) = preSolution
		Debug|Any CPU = Debug|Any CPU
		Release|Any CPU = Release|Any CPU
	EndGlobalSection
	GlobalSection(ProjectConfigurationPlatforms) = postSolution
		{93AE4070-B11E-49A9-940D-5E195AFDF677}.Debug|Any CPU.ActiveCfg = Debug|Any CPU
		{93AE4070-B11E-49A9-940D-5E195AFDF677}.Debug|Any CPU.Build.0 = Debug|Any CPU
		{93AE4070-B11E-49A9-940D-5E195AFDF677}.Release|Any CPU.ActiveCfg = Release|Any CPU
		{93AE4070-B11E-49A9-940D-5E195AFDF677}.Release|Any CPU.Build.0 = Release|Any CPU
	EndGlobalSection
	GlobalSection(SolutionProperties) = preSolution
		HideSolutionNode = FALSE
	EndGlobalSection
	GlobalSection(ExtensibilityGlobals) = postSolution
		SolutionGuid = {CBE8F882-3D98-4FF2-A7B0-9C5545C5AC81}
	EndGlobalSection
EndGlobal
