
Microsoft Visual Studio Solution File, Format Version 12.00
# Visual Studio Version 16
VisualStudioVersion = 16.0.31112.23
MinimumVisualStudioVersion = 10.0.40219.1
Project("{FAE04EC0-301F-11D3-BF4B-00C04F79EFBC}") = "WinFormsApp3", "WinFormsApp3\WinFormsApp3.csproj", "{46DF59A3-E6D0-4D1F-BC12-3CB0430A2CA3}"
EndProject
Global
	GlobalSection(SolutionConfigurationPlatforms) = preSolution
		Debug|Any CPU = Debug|Any CPU
		Release|Any CPU = Release|Any CPU
	EndGlobalSection
	GlobalSection(ProjectConfigurationPlatforms) = postSolution
		{46DF59A3-E6D0-4D1F-BC12-3CB0430A2CA3}.Debug|Any CPU.ActiveCfg = Debug|Any CPU
		{46DF59A3-E6D0-4D1F-BC12-3CB0430A2CA3}.Debug|Any CPU.Build.0 = Debug|Any CPU
		{46DF59A3-E6D0-4D1F-BC12-3CB0430A2CA3}.Release|Any CPU.ActiveCfg = Release|Any CPU
		{46DF59A3-E6D0-4D1F-BC12-3CB0430A2CA3}.Release|Any CPU.Build.0 = Release|Any CPU
	EndGlobalSection
	GlobalSection(SolutionProperties) = preSolution
		HideSolutionNode = FALSE
	EndGlobalSection
	GlobalSection(ExtensibilityGlobals) = postSolution
		SolutionGuid = {CFD33CCC-4876-4E56-8A80-CF209638ED3F}
	EndGlobalSection
EndGlobal
