
Microsoft Visual Studio Solution File, Format Version 12.00
# Visual Studio Version 16
VisualStudioVersion = 16.0.31112.23
MinimumVisualStudioVersion = 10.0.40219.1
Project("{FAE04EC0-301F-11D3-BF4B-00C04F79EFBC}") = "Lbtask4", "Lbtask4\Lbtask4.csproj", "{7A9B6EFC-860F-41DA-8C22-A16F28E62A8C}"
EndProject
Global
	GlobalSection(SolutionConfigurationPlatforms) = preSolution
		Debug|Any CPU = Debug|Any CPU
		Release|Any CPU = Release|Any CPU
	EndGlobalSection
	GlobalSection(ProjectConfigurationPlatforms) = postSolution
		{7A9B6EFC-860F-41DA-8C22-A16F28E62A8C}.Debug|Any CPU.ActiveCfg = Debug|Any CPU
		{7A9B6EFC-860F-41DA-8C22-A16F28E62A8C}.Debug|Any CPU.Build.0 = Debug|Any CPU
		{7A9B6EFC-860F-41DA-8C22-A16F28E62A8C}.Release|Any CPU.ActiveCfg = Release|Any CPU
		{7A9B6EFC-860F-41DA-8C22-A16F28E62A8C}.Release|Any CPU.Build.0 = Release|Any CPU
	EndGlobalSection
	GlobalSection(SolutionProperties) = preSolution
		HideSolutionNode = FALSE
	EndGlobalSection
	GlobalSection(ExtensibilityGlobals) = postSolution
		SolutionGuid = {018E8EBA-1F76-48EB-80AF-0DA910267B4F}
	EndGlobalSection
EndGlobal
