
Microsoft Visual Studio Solution File, Format Version 12.00
# Visual Studio Version 16
VisualStudioVersion = 16.0.31112.23
MinimumVisualStudioVersion = 10.0.40219.1
Project("{FAE04EC0-301F-11D3-BF4B-00C04F79EFBC}") = "Fool game", "Fool game\Fool game.csproj", "{45C525AC-79C3-477A-8CF2-F8907545797B}"
EndProject
Global
	GlobalSection(SolutionConfigurationPlatforms) = preSolution
		Debug|Any CPU = Debug|Any CPU
		Release|Any CPU = Release|Any CPU
	EndGlobalSection
	GlobalSection(ProjectConfigurationPlatforms) = postSolution
		{45C525AC-79C3-477A-8CF2-F8907545797B}.Debug|Any CPU.ActiveCfg = Debug|Any CPU
		{45C525AC-79C3-477A-8CF2-F8907545797B}.Debug|Any CPU.Build.0 = Debug|Any CPU
		{45C525AC-79C3-477A-8CF2-F8907545797B}.Release|Any CPU.ActiveCfg = Release|Any CPU
		{45C525AC-79C3-477A-8CF2-F8907545797B}.Release|Any CPU.Build.0 = Release|Any CPU
	EndGlobalSection
	GlobalSection(SolutionProperties) = preSolution
		HideSolutionNode = FALSE
	EndGlobalSection
	GlobalSection(ExtensibilityGlobals) = postSolution
		SolutionGuid = {990308A8-9483-4598-9F5D-5542EBB7B662}
	EndGlobalSection
EndGlobal
